
Microsoft Visual Studio Solution File, Format Version 12.00
# Visual Studio Version 16
VisualStudioVersion = 16.0.30621.155
MinimumVisualStudioVersion = 10.0.40219.1
Project("{FAE04EC0-301F-11D3-BF4B-00C04F79EFBC}") = "Student - CRUD", "Student - CRUD\Student - CRUD.csproj", "{3F097D9B-D97F-448C-BF2F-C1FB22D97F56}"
EndProject
Global
	GlobalSection(SolutionConfigurationPlatforms) = preSolution
		Debug|Any CPU = Debug|Any CPU
		Release|Any CPU = Release|Any CPU
	EndGlobalSection
	GlobalSection(ProjectConfigurationPlatforms) = postSolution
		{3F097D9B-D97F-448C-BF2F-C1FB22D97F56}.Debug|Any CPU.ActiveCfg = Debug|Any CPU
		{3F097D9B-D97F-448C-BF2F-C1FB22D97F56}.Debug|Any CPU.Build.0 = Debug|Any CPU
		{3F097D9B-D97F-448C-BF2F-C1FB22D97F56}.Release|Any CPU.ActiveCfg = Release|Any CPU
		{3F097D9B-D97F-448C-BF2F-C1FB22D97F56}.Release|Any CPU.Build.0 = Release|Any CPU
	EndGlobalSection
	GlobalSection(SolutionProperties) = preSolution
		HideSolutionNode = FALSE
	EndGlobalSection
	GlobalSection(ExtensibilityGlobals) = postSolution
		SolutionGuid = {38990BBD-DC9F-49CC-9696-C822A86F864B}
	EndGlobalSection
EndGlobal
